
Microsoft Visual Studio Solution File, Format Version 12.00
# Visual Studio Version 16
VisualStudioVersion = 16.0.32002.261
MinimumVisualStudioVersion = 10.0.40219.1
Project("{FAE04EC0-301F-11D3-BF4B-00C04F79EFBC}") = "NDTrispalve", "NDTrispalve.csproj", "{779423A6-0439-4991-949A-A57926C5EDC9}"
EndProject
Global
	GlobalSection(SolutionConfigurationPlatforms) = preSolution
		Debug|Any CPU = Debug|Any CPU
		Release|Any CPU = Release|Any CPU
	EndGlobalSection
	GlobalSection(ProjectConfigurationPlatforms) = postSolution
		{779423A6-0439-4991-949A-A57926C5EDC9}.Debug|Any CPU.ActiveCfg = Debug|Any CPU
		{779423A6-0439-4991-949A-A57926C5EDC9}.Debug|Any CPU.Build.0 = Debug|Any CPU
		{779423A6-0439-4991-949A-A57926C5EDC9}.Release|Any CPU.ActiveCfg = Release|Any CPU
		{779423A6-0439-4991-949A-A57926C5EDC9}.Release|Any CPU.Build.0 = Release|Any CPU
	EndGlobalSection
	GlobalSection(SolutionProperties) = preSolution
		HideSolutionNode = FALSE
	EndGlobalSection
	GlobalSection(ExtensibilityGlobals) = postSolution
		SolutionGuid = {1BEFF52B-8C9A-48E9-9416-77D38DA30AC2}
	EndGlobalSection
EndGlobal
