
Microsoft Visual Studio Solution File, Format Version 12.00
# Visual Studio Version 16
VisualStudioVersion = 16.0.32002.261
MinimumVisualStudioVersion = 10.0.40219.1
Project("{FAE04EC0-301F-11D3-BF4B-00C04F79EFBC}") = "NDIfElseM.S", "NDIfElseM.S.csproj", "{35353E7A-E451-4D09-A599-9950E30D8659}"
EndProject
Global
	GlobalSection(SolutionConfigurationPlatforms) = preSolution
		Debug|Any CPU = Debug|Any CPU
		Release|Any CPU = Release|Any CPU
	EndGlobalSection
	GlobalSection(ProjectConfigurationPlatforms) = postSolution
		{35353E7A-E451-4D09-A599-9950E30D8659}.Debug|Any CPU.ActiveCfg = Debug|Any CPU
		{35353E7A-E451-4D09-A599-9950E30D8659}.Debug|Any CPU.Build.0 = Debug|Any CPU
		{35353E7A-E451-4D09-A599-9950E30D8659}.Release|Any CPU.ActiveCfg = Release|Any CPU
		{35353E7A-E451-4D09-A599-9950E30D8659}.Release|Any CPU.Build.0 = Release|Any CPU
	EndGlobalSection
	GlobalSection(SolutionProperties) = preSolution
		HideSolutionNode = FALSE
	EndGlobalSection
	GlobalSection(ExtensibilityGlobals) = postSolution
		SolutionGuid = {F7682BE5-1564-4F89-B72A-4DED158F40C5}
	EndGlobalSection
EndGlobal
