
Microsoft Visual Studio Solution File, Format Version 12.00
# Visual Studio Version 16
VisualStudioVersion = 16.0.32002.261
MinimumVisualStudioVersion = 10.0.40219.1
Project("{FAE04EC0-301F-11D3-BF4B-00C04F79EFBC}") = "NDKepykla.M.S", "NDKepykla.M.S.csproj", "{7CBB6D03-F83F-47C0-B134-F47DA95130C0}"
EndProject
Global
	GlobalSection(SolutionConfigurationPlatforms) = preSolution
		Debug|Any CPU = Debug|Any CPU
		Release|Any CPU = Release|Any CPU
	EndGlobalSection
	GlobalSection(ProjectConfigurationPlatforms) = postSolution
		{7CBB6D03-F83F-47C0-B134-F47DA95130C0}.Debug|Any CPU.ActiveCfg = Debug|Any CPU
		{7CBB6D03-F83F-47C0-B134-F47DA95130C0}.Debug|Any CPU.Build.0 = Debug|Any CPU
		{7CBB6D03-F83F-47C0-B134-F47DA95130C0}.Release|Any CPU.ActiveCfg = Release|Any CPU
		{7CBB6D03-F83F-47C0-B134-F47DA95130C0}.Release|Any CPU.Build.0 = Release|Any CPU
	EndGlobalSection
	GlobalSection(SolutionProperties) = preSolution
		HideSolutionNode = FALSE
	EndGlobalSection
	GlobalSection(ExtensibilityGlobals) = postSolution
		SolutionGuid = {61DC61BF-B06D-4FC3-B457-1247EC9174E3}
	EndGlobalSection
EndGlobal
